
Microsoft Visual Studio Solution File, Format Version 12.00
# Visual Studio Version 16
VisualStudioVersion = 16.0.30517.126
MinimumVisualStudioVersion = 10.0.40219.1
Project("{9A19103F-16F7-4668-BE54-9A1E7A4F7556}") = "lab2", "lab2\lab2.csproj", "{8D1E1047-4204-4932-B022-510F40E59C1F}"
EndProject
Project("{9A19103F-16F7-4668-BE54-9A1E7A4F7556}") = "FakerLib", "FakerLib\FakerLib.csproj", "{ED7208F4-664E-4922-9617-BAEADAA578EC}"
EndProject
Project("{2150E333-8FDC-42A3-9474-1A3956D46DE8}") = "Generators", "Generators", "{6965C6EC-615E-44D7-8A44-C43FA68603AC}"
EndProject
Project("{9A19103F-16F7-4668-BE54-9A1E7A4F7556}") = "BoolGenerator", "Generators\BoolGenerator\BoolGenerator.csproj", "{CFC2A166-5130-4236-BBF5-085EFABC3823}"
EndProject
Project("{9A19103F-16F7-4668-BE54-9A1E7A4F7556}") = "IntGenerator", "Generators\IntGenerator\IntGenerator.csproj", "{EDE343F2-0C63-484A-8A0D-E8A90235725B}"
EndProject
Project("{9A19103F-16F7-4668-BE54-9A1E7A4F7556}") = "StringGenerator", "Generators\StringGenerator\StringGenerator.csproj", "{965ABC3D-AFC9-4F75-8220-056184A92E57}"
EndProject
Project("{9A19103F-16F7-4668-BE54-9A1E7A4F7556}") = "DoubleGenerator", "Generators\DoubleGenerator\DoubleGenerator.csproj", "{BF993407-906C-47CB-8D7B-CE910201FD1E}"
EndProject
Project("{9A19103F-16F7-4668-BE54-9A1E7A4F7556}") = "ListGenerator", "Generators\ListGenerator\ListGenerator.csproj", "{AF4FABA0-7212-44B8-B407-3906B068AD04}"
EndProject
Project("{9A19103F-16F7-4668-BE54-9A1E7A4F7556}") = "DateTimeGenerator", "Generators\DateTimeGenerator\DateTimeGenerator.csproj", "{EA656DC9-384F-4364-8B6E-1F951D80D1CE}"
EndProject
Project("{FAE04EC0-301F-11D3-BF4B-00C04F79EFBC}") = "UnitTests", "UnitTests\UnitTests.csproj", "{4CB1685A-B6A1-4AA6-86F5-CDBE4DC78381}"
EndProject
Global
	GlobalSection(SolutionConfigurationPlatforms) = preSolution
		Debug|Any CPU = Debug|Any CPU
		Release|Any CPU = Release|Any CPU
	EndGlobalSection
	GlobalSection(ProjectConfigurationPlatforms) = postSolution
		{8D1E1047-4204-4932-B022-510F40E59C1F}.Debug|Any CPU.ActiveCfg = Debug|Any CPU
		{8D1E1047-4204-4932-B022-510F40E59C1F}.Debug|Any CPU.Build.0 = Debug|Any CPU
		{8D1E1047-4204-4932-B022-510F40E59C1F}.Release|Any CPU.ActiveCfg = Release|Any CPU
		{8D1E1047-4204-4932-B022-510F40E59C1F}.Release|Any CPU.Build.0 = Release|Any CPU
		{ED7208F4-664E-4922-9617-BAEADAA578EC}.Debug|Any CPU.ActiveCfg = Debug|Any CPU
		{ED7208F4-664E-4922-9617-BAEADAA578EC}.Debug|Any CPU.Build.0 = Debug|Any CPU
		{ED7208F4-664E-4922-9617-BAEADAA578EC}.Release|Any CPU.ActiveCfg = Release|Any CPU
		{ED7208F4-664E-4922-9617-BAEADAA578EC}.Release|Any CPU.Build.0 = Release|Any CPU
		{CFC2A166-5130-4236-BBF5-085EFABC3823}.Debug|Any CPU.ActiveCfg = Debug|Any CPU
		{CFC2A166-5130-4236-BBF5-085EFABC3823}.Debug|Any CPU.Build.0 = Debug|Any CPU
		{CFC2A166-5130-4236-BBF5-085EFABC3823}.Release|Any CPU.ActiveCfg = Release|Any CPU
		{CFC2A166-5130-4236-BBF5-085EFABC3823}.Release|Any CPU.Build.0 = Release|Any CPU
		{EDE343F2-0C63-484A-8A0D-E8A90235725B}.Debug|Any CPU.ActiveCfg = Debug|Any CPU
		{EDE343F2-0C63-484A-8A0D-E8A90235725B}.Debug|Any CPU.Build.0 = Debug|Any CPU
		{EDE343F2-0C63-484A-8A0D-E8A90235725B}.Release|Any CPU.ActiveCfg = Release|Any CPU
		{EDE343F2-0C63-484A-8A0D-E8A90235725B}.Release|Any CPU.Build.0 = Release|Any CPU
		{965ABC3D-AFC9-4F75-8220-056184A92E57}.Debug|Any CPU.ActiveCfg = Debug|Any CPU
		{965ABC3D-AFC9-4F75-8220-056184A92E57}.Debug|Any CPU.Build.0 = Debug|Any CPU
		{965ABC3D-AFC9-4F75-8220-056184A92E57}.Release|Any CPU.ActiveCfg = Release|Any CPU
		{965ABC3D-AFC9-4F75-8220-056184A92E57}.Release|Any CPU.Build.0 = Release|Any CPU
		{BF993407-906C-47CB-8D7B-CE910201FD1E}.Debug|Any CPU.ActiveCfg = Debug|Any CPU
		{BF993407-906C-47CB-8D7B-CE910201FD1E}.Debug|Any CPU.Build.0 = Debug|Any CPU
		{BF993407-906C-47CB-8D7B-CE910201FD1E}.Release|Any CPU.ActiveCfg = Release|Any CPU
		{BF993407-906C-47CB-8D7B-CE910201FD1E}.Release|Any CPU.Build.0 = Release|Any CPU
		{AF4FABA0-7212-44B8-B407-3906B068AD04}.Debug|Any CPU.ActiveCfg = Debug|Any CPU
		{AF4FABA0-7212-44B8-B407-3906B068AD04}.Debug|Any CPU.Build.0 = Debug|Any CPU
		{AF4FABA0-7212-44B8-B407-3906B068AD04}.Release|Any CPU.ActiveCfg = Release|Any CPU
		{AF4FABA0-7212-44B8-B407-3906B068AD04}.Release|Any CPU.Build.0 = Release|Any CPU
		{EA656DC9-384F-4364-8B6E-1F951D80D1CE}.Debug|Any CPU.ActiveCfg = Debug|Any CPU
		{EA656DC9-384F-4364-8B6E-1F951D80D1CE}.Debug|Any CPU.Build.0 = Debug|Any CPU
		{EA656DC9-384F-4364-8B6E-1F951D80D1CE}.Release|Any CPU.ActiveCfg = Release|Any CPU
		{EA656DC9-384F-4364-8B6E-1F951D80D1CE}.Release|Any CPU.Build.0 = Release|Any CPU
		{4CB1685A-B6A1-4AA6-86F5-CDBE4DC78381}.Debug|Any CPU.ActiveCfg = Debug|Any CPU
		{4CB1685A-B6A1-4AA6-86F5-CDBE4DC78381}.Debug|Any CPU.Build.0 = Debug|Any CPU
		{4CB1685A-B6A1-4AA6-86F5-CDBE4DC78381}.Release|Any CPU.ActiveCfg = Release|Any CPU
		{4CB1685A-B6A1-4AA6-86F5-CDBE4DC78381}.Release|Any CPU.Build.0 = Release|Any CPU
	EndGlobalSection
	GlobalSection(SolutionProperties) = preSolution
		HideSolutionNode = FALSE
	EndGlobalSection
	GlobalSection(NestedProjects) = preSolution
		{CFC2A166-5130-4236-BBF5-085EFABC3823} = {6965C6EC-615E-44D7-8A44-C43FA68603AC}
		{EDE343F2-0C63-484A-8A0D-E8A90235725B} = {6965C6EC-615E-44D7-8A44-C43FA68603AC}
		{965ABC3D-AFC9-4F75-8220-056184A92E57} = {6965C6EC-615E-44D7-8A44-C43FA68603AC}
		{BF993407-906C-47CB-8D7B-CE910201FD1E} = {6965C6EC-615E-44D7-8A44-C43FA68603AC}
		{AF4FABA0-7212-44B8-B407-3906B068AD04} = {6965C6EC-615E-44D7-8A44-C43FA68603AC}
		{EA656DC9-384F-4364-8B6E-1F951D80D1CE} = {6965C6EC-615E-44D7-8A44-C43FA68603AC}
	EndGlobalSection
	GlobalSection(ExtensibilityGlobals) = postSolution
		SolutionGuid = {2AFD3B4E-E9EE-426B-8695-94597595C9A2}
	EndGlobalSection
EndGlobal
